
Microsoft Visual Studio Solution File, Format Version 12.00
# Visual Studio Version 16
VisualStudioVersion = 16.0.29709.97
MinimumVisualStudioVersion = 10.0.40219.1
Project("{8BC9CEB8-8B4A-11D0-8D11-00A0C91BC942}") = "InheritanceExample (Ex1)", "InheritanceExample\InheritanceExample.vcxproj", "{E250C6D1-8F6C-4547-851D-FD06DCA5132A}"
EndProject
Project("{8BC9CEB8-8B4A-11D0-8D11-00A0C91BC942}") = "InheritanceExample (Ex2)", "InheritanceExample (Ex2)\InheritanceExample (Ex2).vcxproj", "{C13E9485-CEA5-4386-AB05-1DDFA898473A}"
EndProject
Global
	GlobalSection(SolutionConfigurationPlatforms) = preSolution
		Debug|x64 = Debug|x64
		Debug|x86 = Debug|x86
		Release|x64 = Release|x64
		Release|x86 = Release|x86
	EndGlobalSection
	GlobalSection(ProjectConfigurationPlatforms) = postSolution
		{E250C6D1-8F6C-4547-851D-FD06DCA5132A}.Debug|x64.ActiveCfg = Debug|x64
		{E250C6D1-8F6C-4547-851D-FD06DCA5132A}.Debug|x64.Build.0 = Debug|x64
		{E250C6D1-8F6C-4547-851D-FD06DCA5132A}.Debug|x86.ActiveCfg = Debug|Win32
		{E250C6D1-8F6C-4547-851D-FD06DCA5132A}.Debug|x86.Build.0 = Debug|Win32
		{E250C6D1-8F6C-4547-851D-FD06DCA5132A}.Release|x64.ActiveCfg = Release|x64
		{E250C6D1-8F6C-4547-851D-FD06DCA5132A}.Release|x64.Build.0 = Release|x64
		{E250C6D1-8F6C-4547-851D-FD06DCA5132A}.Release|x86.ActiveCfg = Release|Win32
		{E250C6D1-8F6C-4547-851D-FD06DCA5132A}.Release|x86.Build.0 = Release|Win32
		{C13E9485-CEA5-4386-AB05-1DDFA898473A}.Debug|x64.ActiveCfg = Debug|x64
		{C13E9485-CEA5-4386-AB05-1DDFA898473A}.Debug|x64.Build.0 = Debug|x64
		{C13E9485-CEA5-4386-AB05-1DDFA898473A}.Debug|x86.ActiveCfg = Debug|Win32
		{C13E9485-CEA5-4386-AB05-1DDFA898473A}.Debug|x86.Build.0 = Debug|Win32
		{C13E9485-CEA5-4386-AB05-1DDFA898473A}.Release|x64.ActiveCfg = Release|x64
		{C13E9485-CEA5-4386-AB05-1DDFA898473A}.Release|x64.Build.0 = Release|x64
		{C13E9485-CEA5-4386-AB05-1DDFA898473A}.Release|x86.ActiveCfg = Release|Win32
		{C13E9485-CEA5-4386-AB05-1DDFA898473A}.Release|x86.Build.0 = Release|Win32
	EndGlobalSection
	GlobalSection(SolutionProperties) = preSolution
		HideSolutionNode = FALSE
	EndGlobalSection
	GlobalSection(ExtensibilityGlobals) = postSolution
		SolutionGuid = {7874DF56-BA14-481E-9004-0AFDB54EBD44}
	EndGlobalSection
EndGlobal
